
Microsoft Visual Studio Solution File, Format Version 12.00
# Visual Studio Version 17
VisualStudioVersion = 17.14.36414.22
MinimumVisualStudioVersion = 10.0.40219.1
Project("{FAE04EC0-301F-11D3-BF4B-00C04F79EFBC}") = "DVLD-2_my", "DVLD-2_my.csproj", "{286AD82B-CA8B-46A2-8CA4-EA82E2591F69}"
EndProject
Project("{FAE04EC0-301F-11D3-BF4B-00C04F79EFBC}") = "DataAccess", "..\DataAccess\DataAccess.csproj", "{5429516F-4D09-4C57-AF6A-293C32A99859}"
EndProject
Project("{FAE04EC0-301F-11D3-BF4B-00C04F79EFBC}") = "Business", "..\Business\Business.csproj", "{552374CC-5972-4D9A-A136-8B25E95987E6}"
EndProject
Global
	GlobalSection(SolutionConfigurationPlatforms) = preSolution
		Debug|Any CPU = Debug|Any CPU
		Release|Any CPU = Release|Any CPU
	EndGlobalSection
	GlobalSection(ProjectConfigurationPlatforms) = postSolution
		{286AD82B-CA8B-46A2-8CA4-EA82E2591F69}.Debug|Any CPU.ActiveCfg = Debug|Any CPU
		{286AD82B-CA8B-46A2-8CA4-EA82E2591F69}.Debug|Any CPU.Build.0 = Debug|Any CPU
		{286AD82B-CA8B-46A2-8CA4-EA82E2591F69}.Release|Any CPU.ActiveCfg = Release|Any CPU
		{286AD82B-CA8B-46A2-8CA4-EA82E2591F69}.Release|Any CPU.Build.0 = Release|Any CPU
		{5429516F-4D09-4C57-AF6A-293C32A99859}.Debug|Any CPU.ActiveCfg = Debug|Any CPU
		{5429516F-4D09-4C57-AF6A-293C32A99859}.Debug|Any CPU.Build.0 = Debug|Any CPU
		{5429516F-4D09-4C57-AF6A-293C32A99859}.Release|Any CPU.ActiveCfg = Release|Any CPU
		{5429516F-4D09-4C57-AF6A-293C32A99859}.Release|Any CPU.Build.0 = Release|Any CPU
		{552374CC-5972-4D9A-A136-8B25E95987E6}.Debug|Any CPU.ActiveCfg = Debug|Any CPU
		{552374CC-5972-4D9A-A136-8B25E95987E6}.Debug|Any CPU.Build.0 = Debug|Any CPU
		{552374CC-5972-4D9A-A136-8B25E95987E6}.Release|Any CPU.ActiveCfg = Release|Any CPU
		{552374CC-5972-4D9A-A136-8B25E95987E6}.Release|Any CPU.Build.0 = Release|Any CPU
	EndGlobalSection
	GlobalSection(SolutionProperties) = preSolution
		HideSolutionNode = FALSE
	EndGlobalSection
	GlobalSection(ExtensibilityGlobals) = postSolution
		SolutionGuid = {C4CB9950-041E-456B-954A-3D34798625CC}
	EndGlobalSection
EndGlobal
